
Microsoft Visual Studio Solution File, Format Version 12.00
# Visual Studio Version 17
VisualStudioVersion = 17.12.35707.178 d17.12
MinimumVisualStudioVersion = 10.0.40219.1
Project("{FAE04EC0-301F-11D3-BF4B-00C04F79EFBC}") = "WpfApp2", "WpfApp2.csproj", "{BCB897C4-E8CC-498A-A812-2953060F7DE5}"
EndProject
Global
	GlobalSection(SolutionConfigurationPlatforms) = preSolution
		Debug|Any CPU = Debug|Any CPU
		Release|Any CPU = Release|Any CPU
	EndGlobalSection
	GlobalSection(ProjectConfigurationPlatforms) = postSolution
		{BCB897C4-E8CC-498A-A812-2953060F7DE5}.Debug|Any CPU.ActiveCfg = Debug|Any CPU
		{BCB897C4-E8CC-498A-A812-2953060F7DE5}.Debug|Any CPU.Build.0 = Debug|Any CPU
		{BCB897C4-E8CC-498A-A812-2953060F7DE5}.Release|Any CPU.ActiveCfg = Release|Any CPU
		{BCB897C4-E8CC-498A-A812-2953060F7DE5}.Release|Any CPU.Build.0 = Release|Any CPU
	EndGlobalSection
	GlobalSection(SolutionProperties) = preSolution
		HideSolutionNode = FALSE
	EndGlobalSection
EndGlobal
